
Microsoft Visual Studio Solution File, Format Version 12.00
# Visual Studio Version 17
VisualStudioVersion = 17.5.002.0
MinimumVisualStudioVersion = 10.0.40219.1
Project("{9A19103F-16F7-4668-BE54-9A1E7A4F7556}") = "Image-Generator", "Image-Generator.csproj", "{6C935A64-448C-4FB5-BB62-8A76F38256EE}"
EndProject
Global
	GlobalSection(SolutionConfigurationPlatforms) = preSolution
		Debug|Any CPU = Debug|Any CPU
		Release|Any CPU = Release|Any CPU
	EndGlobalSection
	GlobalSection(ProjectConfigurationPlatforms) = postSolution
		{6C935A64-448C-4FB5-BB62-8A76F38256EE}.Debug|Any CPU.ActiveCfg = Debug|Any CPU
		{6C935A64-448C-4FB5-BB62-8A76F38256EE}.Debug|Any CPU.Build.0 = Debug|Any CPU
		{6C935A64-448C-4FB5-BB62-8A76F38256EE}.Release|Any CPU.ActiveCfg = Release|Any CPU
		{6C935A64-448C-4FB5-BB62-8A76F38256EE}.Release|Any CPU.Build.0 = Release|Any CPU
	EndGlobalSection
	GlobalSection(SolutionProperties) = preSolution
		HideSolutionNode = FALSE
	EndGlobalSection
	GlobalSection(ExtensibilityGlobals) = postSolution
		SolutionGuid = {2F076EB1-4CFF-4E6A-9C8A-6B2AE565A97D}
	EndGlobalSection
EndGlobal
